// !$*UTF8*$!
{
	archiveVersion = 1;
	classes = {
	};
	objectVersion = 77;
	objects = {

/* Begin PBXBuildFile section */
		28E3A5012EBAE5E300304F31 /* Launch Screen.storyboard in Resources */ = {isa = PBXBuildFile; fileRef = 28E3A5002EBAE5E300304F31 /* Launch Screen.storyboard */; };
/* End PBXBuildFile section */

/* Begin PBXContainerItemProxy section */
		28E3A4CE2EBAD90D00304F31 /* PBXContainerItemProxy */ = {
			isa = PBXContainerItemProxy;
			containerPortal = 28E3A4B72EBAD90A00304F31 /* Project object */;
			proxyType = 1;
			remoteGlobalIDString = 28E3A4BE2EBAD90A00304F31;
			remoteInfo = worstbuy;
		};
		28E3A4D82EBAD90D00304F31 /* PBXContainerItemProxy */ = {
			isa = PBXContainerItemProxy;
			containerPortal = 28E3A4B72EBAD90A00304F31 /* Project object */;
			proxyType = 1;
			remoteGlobalIDString = 28E3A4BE2EBAD90A00304F31;
			remoteInfo = worstbuy;
		};
/* End PBXContainerItemProxy section */

/* Begin PBXFileReference section */
		28E3A4BF2EBAD90A00304F31 /* worstbuy.app */ = {isa = PBXFileReference; explicitFileType = wrapper.application; includeInIndex = 0; path = worstbuy.app; sourceTree = BUILT_PRODUCTS_DIR; };
		28E3A4CD2EBAD90D00304F31 /* worstbuyTests.xctest */ = {isa = PBXFileReference; explicitFileType = wrapper.cfbundle; includeInIndex = 0; path = worstbuyTests.xctest; sourceTree = BUILT_PRODUCTS_DIR; };
		28E3A4D72EBAD90D00304F31 /* worstbuyUITests.xctest */ = {isa = PBXFileReference; explicitFileType = wrapper.cfbundle; includeInIndex = 0; path = worstbuyUITests.xctest; sourceTree = BUILT_PRODUCTS_DIR; };
		28E3A5002EBAE5E300304F31 /* Launch Screen.storyboard */ = {isa = PBXFileReference; lastKnownFileType = file.storyboard; path = "Launch Screen.storyboard"; sourceTree = "<group>"; };
/* End PBXFileReference section */

/* Begin PBXFileSystemSynchronizedRootGroup section */
		28E3A4C12EBAD90A00304F31 /* worstbuy */ = {
			isa = PBXFileSystemSynchronizedRootGroup;
			path = worstbuy;
			sourceTree = "<group>";
		};
		28E3A4D02EBAD90D00304F31 /* worstbuyTests */ = {
			isa = PBXFileSystemSynchronizedRootGroup;
			path = worstbuyTests;
			sourceTree = "<group>";
		};
		28E3A4DA2EBAD90D00304F31 /* worstbuyUITests */ = {
			isa = PBXFileSystemSynchronizedRootGroup;
			path = worstbuyUITests;
			sourceTree = "<group>";
		};
/* End PBXFileSystemSynchronizedRootGroup section */

/* Begin PBXFrameworksBuildPhase section */
		28E3A4BC2EBAD90A00304F31 /* Frameworks */ = {
			isa = PBXFrameworksBuildPhase;
			buildActionMask = 2147483647;
			files = (
			);
			runOnlyForDeploymentPostprocessing = 0;
		};
		28E3A4CA2EBAD90D00304F31 /* Frameworks */ = {
			isa = PBXFrameworksBuildPhase;
			buildActionMask = 2147483647;
			files = (
			);
			runOnlyForDeploymentPostprocessing = 0;
		};
		28E3A4D42EBAD90D00304F31 /* Frameworks */ = {
			isa = PBXFrameworksBuildPhase;
			buildActionMask = 2147483647;
			files = (
			);
			runOnlyForDeploymentPostprocessing = 0;
		};
/* End PBXFrameworksBuildPhase section */

/* Begin PBXGroup section */
		28E3A4B62EBAD90A00304F31 = {
			isa = PBXGroup;
			children = (
				28E3A5002EBAE5E300304F31 /* Launch Screen.storyboard */,
				28E3A4C12EBAD90A00304F31 /* worstbuy */,
				28E3A4D02EBAD90D00304F31 /* worstbuyTests */,
				28E3A4DA2EBAD90D00304F31 /* worstbuyUITests */,
				28E3A4C02EBAD90A00304F31 /* Products */,
			);
			sourceTree = "<group>";
		};
		28E3A4C02EBAD90A00304F31 /* Products */ = {
			isa = PBXGroup;
			children = (
				28E3A4BF2EBAD90A00304F31 /* worstbuy.app */,
				28E3A4CD2EBAD90D00304F31 /* worstbuyTests.xctest */,
				28E3A4D72EBAD90D00304F31 /* worstbuyUITests.xctest */,
			);
			name = Products;
			sourceTree = "<group>";
		};
/* End PBXGroup section */

/* Begin PBXNativeTarget section */
		28E3A4BE2EBAD90A00304F31 /* worstbuy */ = {
			isa = PBXNativeTarget;
			buildConfigurationList = 28E3A4E12EBAD90D00304F31 /* Build configuration list for PBXNativeTarget "worstbuy" */;
			buildPhases = (
				28E3A4BB2EBAD90A00304F31 /* Sources */,
				28E3A4BC2EBAD90A00304F31 /* Frameworks */,
				28E3A4BD2EBAD90A00304F31 /* Resources */,
			);
			buildRules = (
			);
			dependencies = (
			);
			fileSystemSynchronizedGroups = (
				28E3A4C12EBAD90A00304F31 /* worstbuy */,
			);
			name = worstbuy;
			packageProductDependencies = (
			);
			productName = worstbuy;
			productReference = 28E3A4BF2EBAD90A00304F31 /* worstbuy.app */;
			productType = "com.apple.product-type.application";
		};
		28E3A4CC2EBAD90D00304F31 /* worstbuyTests */ = {
			isa = PBXNativeTarget;
			buildConfigurationList = 28E3A4E42EBAD90D00304F31 /* Build configuration list for PBXNativeTarget "worstbuyTests" */;
			buildPhases = (
				28E3A4C92EBAD90D00304F31 /* Sources */,
				28E3A4CA2EBAD90D00304F31 /* Frameworks */,
				28E3A4CB2EBAD90D00304F31 /* Resources */,
			);
			buildRules = (
			);
			dependencies = (
				28E3A4CF2EBAD90D00304F31 /* PBXTargetDependency */,
			);
			fileSystemSynchronizedGroups = (
				28E3A4D02EBAD90D00304F31 /* worstbuyTests */,
			);
			name = worstbuyTests;
			packageProductDependencies = (
			);
			productName = worstbuyTests;
			productReference = 28E3A4CD2EBAD90D00304F31 /* worstbuyTests.xctest */;
			productType = "com.apple.product-type.bundle.unit-test";
		};
		28E3A4D62EBAD90D00304F31 /* worstbuyUITests */ = {
			isa = PBXNativeTarget;
			buildConfigurationList = 28E3A4E72EBAD90D00304F31 /* Build configuration list for PBXNativeTarget "worstbuyUITests" */;
			buildPhases = (
				28E3A4D32EBAD90D00304F31 /* Sources */,
				28E3A4D42EBAD90D00304F31 /* Frameworks */,
				28E3A4D52EBAD90D00304F31 /* Resources */,
			);
			buildRules = (
			);
			dependencies = (
				28E3A4D92EBAD90D00304F31 /* PBXTargetDependency */,
			);
			fileSystemSynchronizedGroups = (
				28E3A4DA2EBAD90D00304F31 /* worstbuyUITests */,
			);
			name = worstbuyUITests;
			packageProductDependencies = (
			);
			productName = worstbuyUITests;
			productReference = 28E3A4D72EBAD90D00304F31 /* worstbuyUITests.xctest */;
			productType = "com.apple.product-type.bundle.ui-testing";
		};
/* End PBXNativeTarget section */

/* Begin PBXProject section */
		28E3A4B72EBAD90A00304F31 /* Project object */ = {
			isa = PBXProject;
			attributes = {
				BuildIndependentTargetsInParallel = 1;
				LastSwiftUpdateCheck = 1640;
				LastUpgradeCheck = 1640;
				TargetAttributes = {
					28E3A4BE2EBAD90A00304F31 = {
						CreatedOnToolsVersion = 16.4;
					};
					28E3A4CC2EBAD90D00304F31 = {
						CreatedOnToolsVersion = 16.4;
						TestTargetID = 28E3A4BE2EBAD90A00304F31;
					};
					28E3A4D62EBAD90D00304F31 = {
						CreatedOnToolsVersion = 16.4;
						TestTargetID = 28E3A4BE2EBAD90A00304F31;
					};
				};
			};
			buildConfigurationList = 28E3A4BA2EBAD90A00304F31 /* Build configuration list for PBXProject "worstbuy" */;
			developmentRegion = en;
			hasScannedForEncodings = 0;
			knownRegions = (
				en,
				Base,
			);
			mainGroup = 28E3A4B62EBAD90A00304F31;
			minimizedProjectReferenceProxies = 1;
			preferredProjectObjectVersion = 77;
			productRefGroup = 28E3A4C02EBAD90A00304F31 /* Products */;
			projectDirPath = "";
			projectRoot = "";
			targets = (
				28E3A4BE2EBAD90A00304F31 /* worstbuy */,
				28E3A4CC2EBAD90D00304F31 /* worstbuyTests */,
				28E3A4D62EBAD90D00304F31 /* worstbuyUITests */,
			);
		};
/* End PBXProject section */

/* Begin PBXResourcesBuildPhase section */
		28E3A4BD2EBAD90A00304F31 /* Resources */ = {
			isa = PBXResourcesBuildPhase;
			buildActionMask = 2147483647;
			files = (
				28E3A5012EBAE5E300304F31 /* Launch Screen.storyboard in Resources */,
			);
			runOnlyForDeploymentPostprocessing = 0;
		};
		28E3A4CB2EBAD90D00304F31 /* Resources */ = {
			isa = PBXResourcesBuildPhase;
			buildActionMask = 2147483647;
			files = (
			);
			runOnlyForDeploymentPostprocessing = 0;
		};
		28E3A4D52EBAD90D00304F31 /* Resources */ = {
			isa = PBXResourcesBuildPhase;
			buildActionMask = 2147483647;
			files = (
			);
			runOnlyForDeploymentPostprocessing = 0;
		};
/* End PBXResourcesBuildPhase section */

/* Begin PBXSourcesBuildPhase section */
		28E3A4BB2EBAD90A00304F31 /* Sources */ = {
			isa = PBXSourcesBuildPhase;
			buildActionMask = 2147483647;
			files = (
			);
			runOnlyForDeploymentPostprocessing = 0;
		};
		28E3A4C92EBAD90D00304F31 /* Sources */ = {
			isa = PBXSourcesBuildPhase;
			buildActionMask = 2147483647;
			files = (
			);
			runOnlyForDeploymentPostprocessing = 0;
		};
		28E3A4D32EBAD90D00304F31 /* Sources */ = {
			isa = PBXSourcesBuildPhase;
			buildActionMask = 2147483647;
			files = (
			);
			runOnlyForDeploymentPostprocessing = 0;
		};
/* End PBXSourcesBuildPhase section */

/* Begin PBXTargetDependency section */
		28E3A4CF2EBAD90D00304F31 /* PBXTargetDependency */ = {
			isa = PBXTargetDependency;
			target = 28E3A4BE2EBAD90A00304F31 /* worstbuy */;
			targetProxy = 28E3A4CE2EBAD90D00304F31 /* PBXContainerItemProxy */;
		};
		28E3A4D92EBAD90D00304F31 /* PBXTargetDependency */ = {
			isa = PBXTargetDependency;
			target = 28E3A4BE2EBAD90A00304F31 /* worstbuy */;
			targetProxy = 28E3A4D82EBAD90D00304F31 /* PBXContainerItemProxy */;
		};
/* End PBXTargetDependency section */

/* Begin XCBuildConfiguration section */
		28E3A4DF2EBAD90D00304F31 /* Debug */ = {
			isa = XCBuildConfiguration;
			buildSettings = {
				ALWAYS_SEARCH_USER_PATHS = NO;
				ASSETCATALOG_COMPILER_GENERATE_SWIFT_ASSET_SYMBOL_EXTENSIONS = YES;
				CLANG_ANALYZER_NONNULL = YES;
				CLANG_ANALYZER_NUMBER_OBJECT_CONVERSION = YES_AGGRESSIVE;
				CLANG_CXX_LANGUAGE_STANDARD = "gnu++20";
				CLANG_ENABLE_MODULES = YES;
				CLANG_ENABLE_OBJC_ARC = YES;
				CLANG_ENABLE_OBJC_WEAK = YES;
				CLANG_WARN_BLOCK_CAPTURE_AUTORELEASING = YES;
				CLANG_WARN_BOOL_CONVERSION = YES;
				CLANG_WARN_COMMA = YES;
				CLANG_WARN_CONSTANT_CONVERSION = YES;
				CLANG_WARN_DEPRECATED_OBJC_IMPLEMENTATIONS = YES;
				CLANG_WARN_DIRECT_OBJC_ISA_USAGE = YES_ERROR;
				CLANG_WARN_DOCUMENTATION_COMMENTS = YES;
				CLANG_WARN_EMPTY_BODY = YES;
				CLANG_WARN_ENUM_CONVERSION = YES;
				CLANG_WARN_INFINITE_RECURSION = YES;
				CLANG_WARN_INT_CONVERSION = YES;
				CLANG_WARN_NON_LITERAL_NULL_CONVERSION = YES;
				CLANG_WARN_OBJC_IMPLICIT_RETAIN_SELF = YES;
				CLANG_WARN_OBJC_LITERAL_CONVERSION = YES;
				CLANG_WARN_OBJC_ROOT_CLASS = YES_ERROR;
				CLANG_WARN_QUOTED_INCLUDE_IN_FRAMEWORK_HEADER = YES;
				CLANG_WARN_RANGE_LOOP_ANALYSIS = YES;
				CLANG_WARN_STRICT_PROTOTYPES = YES;
				CLANG_WARN_SUSPICIOUS_MOVE = YES;
				CLANG_WARN_UNGUARDED_AVAILABILITY = YES_AGGRESSIVE;
				CLANG_WARN_UNREACHABLE_CODE = YES;
				CLANG_WARN__DUPLICATE_METHOD_MATCH = YES;
				COPY_PHASE_STRIP = NO;
				DEBUG_INFORMATION_FORMAT = dwarf;
				ENABLE_STRICT_OBJC_MSGSEND = YES;
				ENABLE_TESTABILITY = YES;
				ENABLE_USER_SCRIPT_SANDBOXING = YES;
				GCC_C_LANGUAGE_STANDARD = gnu17;
				GCC_DYNAMIC_NO_PIC = NO;
				GCC_NO_COMMON_BLOCKS = YES;
				GCC_OPTIMIZATION_LEVEL = 0;
				GCC_PREPROCESSOR_DEFINITIONS = (
					"DEBUG=1",
					"$(inherited)",
				);
				GCC_WARN_64_TO_32_BIT_CONVERSION = YES;
				GCC_WARN_ABOUT_RETURN_TYPE = YES_ERROR;
				GCC_WARN_UNDECLARED_SELECTOR = YES;
				GCC_WARN_UNINITIALIZED_AUTOS = YES_AGGRESSIVE;
				GCC_WARN_UNUSED_FUNCTION = YES;
				GCC_WARN_UNUSED_VARIABLE = YES;
				LOCALIZATION_PREFERS_STRING_CATALOGS = YES;
				MACOSX_DEPLOYMENT_TARGET = 15.5;
				MTL_ENABLE_DEBUG_INFO = INCLUDE_SOURCE;
				MTL_FAST_MATH = YES;
				ONLY_ACTIVE_ARCH = YES;
				SDKROOT = macosx;
				SWIFT_ACTIVE_COMPILATION_CONDITIONS = "DEBUG $(inherited)";
				SWIFT_OPTIMIZATION_LEVEL = "-Onone";
			};
			name = Debug;
		};
		28E3A4E02EBAD90D00304F31 /* Release */ = {
			isa = XCBuildConfiguration;
			buildSettings = {
				ALWAYS_SEARCH_USER_PATHS = NO;
				ASSETCATALOG_COMPILER_GENERATE_SWIFT_ASSET_SYMBOL_EXTENSIONS = YES;
				CLANG_ANALYZER_NONNULL = YES;
				CLANG_ANALYZER_NUMBER_OBJECT_CONVERSION = YES_AGGRESSIVE;
				CLANG_CXX_LANGUAGE_STANDARD = "gnu++20";
				CLANG_ENABLE_MODULES = YES;
				CLANG_ENABLE_OBJC_ARC = YES;
				CLANG_ENABLE_OBJC_WEAK = YES;
				CLANG_WARN_BLOCK_CAPTURE_AUTORELEASING = YES;
				CLANG_WARN_BOOL_CONVERSION = YES;
				CLANG_WARN_COMMA = YES;
				CLANG_WARN_CONSTANT_CONVERSION = YES;
				CLANG_WARN_DEPRECATED_OBJC_IMPLEMENTATIONS = YES;
				CLANG_WARN_DIRECT_OBJC_ISA_USAGE = YES_ERROR;
				CLANG_WARN_DOCUMENTATION_COMMENTS = YES;
				CLANG_WARN_EMPTY_BODY = YES;
				CLANG_WARN_ENUM_CONVERSION = YES;
				CLANG_WARN_INFINITE_RECURSION = YES;
				CLANG_WARN_INT_CONVERSION = YES;
				CLANG_WARN_NON_LITERAL_NULL_CONVERSION = YES;
				CLANG_WARN_OBJC_IMPLICIT_RETAIN_SELF = YES;
				CLANG_WARN_OBJC_LITERAL_CONVERSION = YES;
				CLANG_WARN_OBJC_ROOT_CLASS = YES_ERROR;
				CLANG_WARN_QUOTED_INCLUDE_IN_FRAMEWORK_HEADER = YES;
				CLANG_WARN_RANGE_LOOP_ANALYSIS = YES;
				CLANG_WARN_STRICT_PROTOTYPES = YES;
				CLANG_WARN_SUSPICIOUS_MOVE = YES;
				CLANG_WARN_UNGUARDED_AVAILABILITY = YES_AGGRESSIVE;
				CLANG_WARN_UNREACHABLE_CODE = YES;
				CLANG_WARN__DUPLICATE_METHOD_MATCH = YES;
				COPY_PHASE_STRIP = NO;
				DEBUG_INFORMATION_FORMAT = "dwarf-with-dsym";
				ENABLE_NS_ASSERTIONS = NO;
				ENABLE_STRICT_OBJC_MSGSEND = YES;
				ENABLE_USER_SCRIPT_SANDBOXING = YES;
				GCC_C_LANGUAGE_STANDARD = gnu17;
				GCC_NO_COMMON_BLOCKS = YES;
				GCC_WARN_64_TO_32_BIT_CONVERSION = YES;
				GCC_WARN_ABOUT_RETURN_TYPE = YES_ERROR;
				GCC_WARN_UNDECLARED_SELECTOR = YES;
				GCC_WARN_UNINITIALIZED_AUTOS = YES_AGGRESSIVE;
				GCC_WARN_UNUSED_FUNCTION = YES;
				GCC_WARN_UNUSED_VARIABLE = YES;
				LOCALIZATION_PREFERS_STRING_CATALOGS = YES;
				MACOSX_DEPLOYMENT_TARGET = 15.5;
				MTL_ENABLE_DEBUG_INFO = NO;
				MTL_FAST_MATH = YES;
				SDKROOT = macosx;
				SWIFT_COMPILATION_MODE = wholemodule;
			};
			name = Release;
		};
		28E3A4E22EBAD90D00304F31 /* Debug */ = {
			isa = XCBuildConfiguration;
			buildSettings = {
				ASSETCATALOG_COMPILER_APPICON_NAME = AppIcon;
				ASSETCATALOG_COMPILER_GLOBAL_ACCENT_COLOR_NAME = AccentColor;
				CODE_SIGN_ENTITLEMENTS = worstbuy/worstbuy.entitlements;
				CODE_SIGN_STYLE = Automatic;
				COMBINE_HIDPI_IMAGES = YES;
				CURRENT_PROJECT_VERSION = 1;
				DEVELOPMENT_TEAM = 2887G24XHS;
				ENABLE_PREVIEWS = YES;
				GENERATE_INFOPLIST_FILE = YES;
				INFOPLIST_KEY_NSHumanReadableCopyright = "";
				INFOPLIST_KEY_UILaunchScreen_Generation = YES;
				IPHONEOS_DEPLOYMENT_TARGET = 16.6;
				LD_RUNPATH_SEARCH_PATHS = (
					"$(inherited)",
					"@executable_path/../Frameworks",
				);
				MARKETING_VERSION = 1.0;
				PRODUCT_BUNDLE_IDENTIFIER = io.autodevice.worstbuy;
				PRODUCT_NAME = "$(TARGET_NAME)";
				REGISTER_APP_GROUPS = YES;
				SUPPORTED_PLATFORMS = "iphoneos iphonesimulator";
				SUPPORTS_MACCATALYST = NO;
				SWIFT_EMIT_LOC_STRINGS = YES;
				SWIFT_VERSION = 5.0;
				TARGETED_DEVICE_FAMILY = 1;
			};
			name = Debug;
		};
		28E3A4E32EBAD90D00304F31 /* Release */ = {
			isa = XCBuildConfiguration;
			buildSettings = {
				ASSETCATALOG_COMPILER_APPICON_NAME = AppIcon;
				ASSETCATALOG_COMPILER_GLOBAL_ACCENT_COLOR_NAME = AccentColor;
				CODE_SIGN_ENTITLEMENTS = worstbuy/worstbuy.entitlements;
				CODE_SIGN_STYLE = Automatic;
				COMBINE_HIDPI_IMAGES = YES;
				CURRENT_PROJECT_VERSION = 1;
				DEVELOPMENT_TEAM = 2887G24XHS;
				ENABLE_PREVIEWS = YES;
				GENERATE_INFOPLIST_FILE = YES;
				INFOPLIST_KEY_NSHumanReadableCopyright = "";
				INFOPLIST_KEY_UILaunchScreen_Generation = YES;
				IPHONEOS_DEPLOYMENT_TARGET = 16.6;
				LD_RUNPATH_SEARCH_PATHS = (
					"$(inherited)",
					"@executable_path/../Frameworks",
				);
				MARKETING_VERSION = 1.0;
				PRODUCT_BUNDLE_IDENTIFIER = io.autodevice.worstbuy;
				PRODUCT_NAME = "$(TARGET_NAME)";
				REGISTER_APP_GROUPS = YES;
				SUPPORTED_PLATFORMS = "iphoneos iphonesimulator";
				SUPPORTS_MACCATALYST = NO;
				SWIFT_EMIT_LOC_STRINGS = YES;
				SWIFT_VERSION = 5.0;
				TARGETED_DEVICE_FAMILY = 1;
			};
			name = Release;
		};
		28E3A4E52EBAD90D00304F31 /* Debug */ = {
			isa = XCBuildConfiguration;
			buildSettings = {
				BUNDLE_LOADER = "$(TEST_HOST)";
				CODE_SIGN_STYLE = Automatic;
				CURRENT_PROJECT_VERSION = 1;
				GENERATE_INFOPLIST_FILE = YES;
				MACOSX_DEPLOYMENT_TARGET = 15.5;
				MARKETING_VERSION = 1.0;
				PRODUCT_BUNDLE_IDENTIFIER = io.autodevice.worstbuyTests;
				PRODUCT_NAME = "$(TARGET_NAME)";
				SWIFT_EMIT_LOC_STRINGS = NO;
				SWIFT_VERSION = 5.0;
				TEST_HOST = "$(BUILT_PRODUCTS_DIR)/worstbuy.app/$(BUNDLE_EXECUTABLE_FOLDER_PATH)/worstbuy";
			};
			name = Debug;
		};
		28E3A4E62EBAD90D00304F31 /* Release */ = {
			isa = XCBuildConfiguration;
			buildSettings = {
				BUNDLE_LOADER = "$(TEST_HOST)";
				CODE_SIGN_STYLE = Automatic;
				CURRENT_PROJECT_VERSION = 1;
				GENERATE_INFOPLIST_FILE = YES;
				MACOSX_DEPLOYMENT_TARGET = 15.5;
				MARKETING_VERSION = 1.0;
				PRODUCT_BUNDLE_IDENTIFIER = io.autodevice.worstbuyTests;
				PRODUCT_NAME = "$(TARGET_NAME)";
				SWIFT_EMIT_LOC_STRINGS = NO;
				SWIFT_VERSION = 5.0;
				TEST_HOST = "$(BUILT_PRODUCTS_DIR)/worstbuy.app/$(BUNDLE_EXECUTABLE_FOLDER_PATH)/worstbuy";
			};
			name = Release;
		};
		28E3A4E82EBAD90D00304F31 /* Debug */ = {
			isa = XCBuildConfiguration;
			buildSettings = {
				CODE_SIGN_STYLE = Automatic;
				CURRENT_PROJECT_VERSION = 1;
				GENERATE_INFOPLIST_FILE = YES;
				MARKETING_VERSION = 1.0;
				PRODUCT_BUNDLE_IDENTIFIER = io.autodevice.worstbuyUITests;
				PRODUCT_NAME = "$(TARGET_NAME)";
				SWIFT_EMIT_LOC_STRINGS = NO;
				SWIFT_VERSION = 5.0;
				TEST_TARGET_NAME = worstbuy;
			};
			name = Debug;
		};
		28E3A4E92EBAD90D00304F31 /* Release */ = {
			isa = XCBuildConfiguration;
			buildSettings = {
				CODE_SIGN_STYLE = Automatic;
				CURRENT_PROJECT_VERSION = 1;
				GENERATE_INFOPLIST_FILE = YES;
				MARKETING_VERSION = 1.0;
				PRODUCT_BUNDLE_IDENTIFIER = io.autodevice.worstbuyUITests;
				PRODUCT_NAME = "$(TARGET_NAME)";
				SWIFT_EMIT_LOC_STRINGS = NO;
				SWIFT_VERSION = 5.0;
				TEST_TARGET_NAME = worstbuy;
			};
			name = Release;
		};
/* End XCBuildConfiguration section */

/* Begin XCConfigurationList section */
		28E3A4BA2EBAD90A00304F31 /* Build configuration list for PBXProject "worstbuy" */ = {
			isa = XCConfigurationList;
			buildConfigurations = (
				28E3A4DF2EBAD90D00304F31 /* Debug */,
				28E3A4E02EBAD90D00304F31 /* Release */,
			);
			defaultConfigurationIsVisible = 0;
			defaultConfigurationName = Release;
		};
		28E3A4E12EBAD90D00304F31 /* Build configuration list for PBXNativeTarget "worstbuy" */ = {
			isa = XCConfigurationList;
			buildConfigurations = (
				28E3A4E22EBAD90D00304F31 /* Debug */,
				28E3A4E32EBAD90D00304F31 /* Release */,
			);
			defaultConfigurationIsVisible = 0;
			defaultConfigurationName = Release;
		};
		28E3A4E42EBAD90D00304F31 /* Build configuration list for PBXNativeTarget "worstbuyTests" */ = {
			isa = XCConfigurationList;
			buildConfigurations = (
				28E3A4E52EBAD90D00304F31 /* Debug */,
				28E3A4E62EBAD90D00304F31 /* Release */,
			);
			defaultConfigurationIsVisible = 0;
			defaultConfigurationName = Release;
		};
		28E3A4E72EBAD90D00304F31 /* Build configuration list for PBXNativeTarget "worstbuyUITests" */ = {
			isa = XCConfigurationList;
			buildConfigurations = (
				28E3A4E82EBAD90D00304F31 /* Debug */,
				28E3A4E92EBAD90D00304F31 /* Release */,
			);
			defaultConfigurationIsVisible = 0;
			defaultConfigurationName = Release;
		};
/* End XCConfigurationList section */
	};
	rootObject = 28E3A4B72EBAD90A00304F31 /* Project object */;
}
